// !$*UTF8*$!
{
	archiveVersion = 1;
	classes = {
	};
	objectVersion = 46;
	objects = {

/* Begin PBXBuildFile section */
		CB6CCC641C50318B001C4065 /* AppDelegate.swift in Sources */ = {isa = PBXBuildFile; fileRef = CB6CCC631C50318B001C4065 /* AppDelegate.swift */; };
		CB6CCC661C50318B001C4065 /* ViewController.swift in Sources */ = {isa = PBXBuildFile; fileRef = CB6CCC651C50318B001C4065 /* ViewController.swift */; };
		CB6CCC691C50318B001C4065 /* Main.storyboard in Resources */ = {isa = PBXBuildFile; fileRef = CB6CCC671C50318B001C4065 /* Main.storyboard */; };
		CB6CCC6C1C50318B001C4065 /* TipCalculator.xcdatamodeld in Sources */ = {isa = PBXBuildFile; fileRef = CB6CCC6A1C50318B001C4065 /* TipCalculator.xcdatamodeld */; };
		CB6CCC6E1C50318B001C4065 /* Assets.xcassets in Resources */ = {isa = PBXBuildFile; fileRef = CB6CCC6D1C50318B001C4065 /* Assets.xcassets */; };
		CB6CCC711C50318B001C4065 /* LaunchScreen.storyboard in Resources */ = {isa = PBXBuildFile; fileRef = CB6CCC6F1C50318B001C4065 /* LaunchScreen.storyboard */; };
/* End PBXBuildFile section */

/* Begin PBXFileReference section */
		CB6CCC601C50318B001C4065 /* TipCalculator.app */ = {isa = PBXFileReference; explicitFileType = wrapper.application; includeInIndex = 0; path = TipCalculator.app; sourceTree = BUILT_PRODUCTS_DIR; };
		CB6CCC631C50318B001C4065 /* AppDelegate.swift */ = {isa = PBXFileReference; lastKnownFileType = sourcecode.swift; path = AppDelegate.swift; sourceTree = "<group>"; };
		CB6CCC651C50318B001C4065 /* ViewController.swift */ = {isa = PBXFileReference; lastKnownFileType = sourcecode.swift; path = ViewController.swift; sourceTree = "<group>"; };
		CB6CCC681C50318B001C4065 /* Base */ = {isa = PBXFileReference; lastKnownFileType = file.storyboard; name = Base; path = Base.lproj/Main.storyboard; sourceTree = "<group>"; };
		CB6CCC6B1C50318B001C4065 /* TipCalculator.xcdatamodel */ = {isa = PBXFileReference; lastKnownFileType = wrapper.xcdatamodel; path = TipCalculator.xcdatamodel; sourceTree = "<group>"; };
		CB6CCC6D1C50318B001C4065 /* Assets.xcassets */ = {isa = PBXFileReference; lastKnownFileType = folder.assetcatalog; path = Assets.xcassets; sourceTree = "<group>"; };
		CB6CCC701C50318B001C4065 /* Base */ = {isa = PBXFileReference; lastKnownFileType = file.storyboard; name = Base; path = Base.lproj/LaunchScreen.storyboard; sourceTree = "<group>"; };
		CB6CCC721C50318C001C4065 /* Info.plist */ = {isa = PBXFileReference; lastKnownFileType = text.plist.xml; path = Info.plist; sourceTree = "<group>"; };
/* End PBXFileReference section */

/* Begin PBXFrameworksBuildPhase section */
		CB6CCC5D1C50318B001C4065 /* Frameworks */ = {
			isa = PBXFrameworksBuildPhase;
			buildActionMask = 2147483647;
			files = (
			);
			runOnlyForDeploymentPostprocessing = 0;
		};
/* End PBXFrameworksBuildPhase section */

/* Begin PBXGroup section */
		CB6CCC571C50318B001C4065 = {
			isa = PBXGroup;
			children = (
				CB6CCC621C50318B001C4065 /* TipCalculator */,
				CB6CCC611C50318B001C4065 /* Products */,
			);
			sourceTree = "<group>";
		};
		CB6CCC611C50318B001C4065 /* Products */ = {
			isa = PBXGroup;
			children = (
				CB6CCC601C50318B001C4065 /* TipCalculator.app */,
			);
			name = Products;
			sourceTree = "<group>";
		};
		CB6CCC621C50318B001C4065 /* TipCalculator */ = {
			isa = PBXGroup;
			children = (
				CB6CCC631C50318B001C4065 /* AppDelegate.swift */,
				CB6CCC651C50318B001C4065 /* ViewController.swift */,
				CB6CCC671C50318B001C4065 /* Main.storyboard */,
				CB6CCC6D1C50318B001C4065 /* Assets.xcassets */,
				CB6CCC6F1C50318B001C4065 /* LaunchScreen.storyboard */,
				CB6CCC721C50318C001C4065 /* Info.plist */,
				CB6CCC6A1C50318B001C4065 /* TipCalculator.xcdatamodeld */,
			);
			path = TipCalculator;
			sourceTree = "<group>";
		};
/* End PBXGroup section */

/* Begin PBXNativeTarget section */
		CB6CCC5F1C50318B001C4065 /* TipCalculator */ = {
			isa = PBXNativeTarget;
			buildConfigurationList = CB6CCC751C50318C001C4065 /* Build configuration list for PBXNativeTarget "TipCalculator" */;
			buildPhases = (
				CB6CCC5C1C50318B001C4065 /* Sources */,
				CB6CCC5D1C50318B001C4065 /* Frameworks */,
				CB6CCC5E1C50318B001C4065 /* Resources */,
			);
			buildRules = (
			);
			dependencies = (
			);
			name = TipCalculator;
			productName = TipCalculator;
			productReference = CB6CCC601C50318B001C4065 /* TipCalculator.app */;
			productType = "com.apple.product-type.application";
		};
/* End PBXNativeTarget section */

/* Begin PBXProject section */
		CB6CCC581C50318B001C4065 /* Project object */ = {
			isa = PBXProject;
			attributes = {
				LastSwiftUpdateCheck = 0720;
				LastUpgradeCheck = 0720;
				ORGANIZATIONNAME = "Prasath Balakrishnan";
				TargetAttributes = {
					CB6CCC5F1C50318B001C4065 = {
						CreatedOnToolsVersion = 7.2;
						DevelopmentTeam = EY7ZQYNR6W;
					};
				};
			};
			buildConfigurationList = CB6CCC5B1C50318B001C4065 /* Build configuration list for PBXProject "TipCalculator" */;
			compatibilityVersion = "Xcode 3.2";
			developmentRegion = English;
			hasScannedForEncodings = 0;
			knownRegions = (
				en,
				Base,
			);
			mainGroup = CB6CCC571C50318B001C4065;
			productRefGroup = CB6CCC611C50318B001C4065 /* Products */;
			projectDirPath = "";
			projectRoot = "";
			targets = (
				CB6CCC5F1C50318B001C4065 /* TipCalculator */,
			);
		};
/* End PBXProject section */

/* Begin PBXResourcesBuildPhase section */
		CB6CCC5E1C50318B001C4065 /* Resources */ = {
			isa = PBXResourcesBuildPhase;
			buildActionMask = 2147483647;
			files = (
				CB6CCC711C50318B001C4065 /* LaunchScreen.storyboard in Resources */,
				CB6CCC6E1C50318B001C4065 /* Assets.xcassets in Resources */,
				CB6CCC691C50318B001C4065 /* Main.storyboard in Resources */,
			);
			runOnlyForDeploymentPostprocessing = 0;
		};
/* End PBXResourcesBuildPhase section */

/* Begin PBXSourcesBuildPhase section */
		CB6CCC5C1C50318B001C4065 /* Sources */ = {
			isa = PBXSourcesBuildPhase;
			buildActionMask = 2147483647;
			files = (
				CB6CCC6C1C50318B001C4065 /* TipCalculator.xcdatamodeld in Sources */,
				CB6CCC661C50318B001C4065 /* ViewController.swift in Sources */,
				CB6CCC641C50318B001C4065 /* AppDelegate.swift in Sources */,
			);
			runOnlyForDeploymentPostprocessing = 0;
		};
/* End PBXSourcesBuildPhase section */

/* Begin PBXVariantGroup section */
		CB6CCC671C50318B001C4065 /* Main.storyboard */ = {
			isa = PBXVariantGroup;
			children = (
				CB6CCC681C50318B001C4065 /* Base */,
			);
			name = Main.storyboard;
			sourceTree = "<group>";
		};
		CB6CCC6F1C50318B001C4065 /* LaunchScreen.storyboard */ = {
			isa = PBXVariantGroup;
			children = (
				CB6CCC701C50318B001C4065 /* Base */,
			);
			name = LaunchScreen.storyboard;
			sourceTree = "<group>";
		};
/* End PBXVariantGroup section */

/* Begin XCBuildConfiguration section */
		CB6CCC731C50318C001C4065 /* Debug */ = {
			isa = XCBuildConfiguration;
			buildSettings = {
				ALWAYS_SEARCH_USER_PATHS = NO;
				CLANG_CXX_LANGUAGE_STANDARD = "gnu++0x";
				CLANG_CXX_LIBRARY = "libc++";
				CLANG_ENABLE_MODULES = YES;
				CLANG_ENABLE_OBJC_ARC = YES;
				CLANG_WARN_BOOL_CONVERSION = YES;
				CLANG_WARN_CONSTANT_CONVERSION = YES;
				CLANG_WARN_DIRECT_OBJC_ISA_USAGE = YES_ERROR;
				CLANG_WARN_EMPTY_BODY = YES;
				CLANG_WARN_ENUM_CONVERSION = YES;
				CLANG_WARN_INT_CONVERSION = YES;
				CLANG_WARN_OBJC_ROOT_CLASS = YES_ERROR;
				CLANG_WARN_UNREACHABLE_CODE = YES;
				CLANG_WARN__DUPLICATE_METHOD_MATCH = YES;
				"CODE_SIGN_IDENTITY[sdk=iphoneos*]" = "iPhone Developer";
				COPY_PHASE_STRIP = NO;
				DEBUG_INFORMATION_FORMAT = dwarf;
				ENABLE_STRICT_OBJC_MSGSEND = YES;
				ENABLE_TESTABILITY = YES;
				GCC_C_LANGUAGE_STANDARD = gnu99;
				GCC_DYNAMIC_NO_PIC = NO;
				GCC_NO_COMMON_BLOCKS = YES;
				GCC_OPTIMIZATION_LEVEL = 0;
				GCC_PREPROCESSOR_DEFINITIONS = (
					"DEBUG=1",
					"$(inherited)",
				);
				GCC_WARN_64_TO_32_BIT_CONVERSION = YES;
				GCC_WARN_ABOUT_RETURN_TYPE = YES_ERROR;
				GCC_WARN_UNDECLARED_SELECTOR = YES;
				GCC_WARN_UNINITIALIZED_AUTOS = YES_AGGRESSIVE;
				GCC_WARN_UNUSED_FUNCTION = YES;
				GCC_WARN_UNUSED_VARIABLE = YES;
				IPHONEOS_DEPLOYMENT_TARGET = 9.2;
				MTL_ENABLE_DEBUG_INFO = YES;
				ONLY_ACTIVE_ARCH = YES;
				SDKROOT = iphoneos;
				SWIFT_OPTIMIZATION_LEVEL = "-Onone";
			};
			name = Debug;
		};
		CB6CCC741C50318C001C4065 /* Release */ = {
			isa = XCBuildConfiguration;
			buildSettings = {
				ALWAYS_SEARCH_USER_PATHS = NO;
				CLANG_CXX_LANGUAGE_STANDARD = "gnu++0x";
				CLANG_CXX_LIBRARY = "libc++";
				CLANG_ENABLE_MODULES = YES;
				CLANG_ENABLE_OBJC_ARC = YES;
				CLANG_WARN_BOOL_CONVERSION = YES;
				CLANG_WARN_CONSTANT_CONVERSION = YES;
				CLANG_WARN_DIRECT_OBJC_ISA_USAGE = YES_ERROR;
				CLANG_WARN_EMPTY_BODY = YES;
				CLANG_WARN_ENUM_CONVERSION = YES;
				CLANG_WARN_INT_CONVERSION = YES;
				CLANG_WARN_OBJC_ROOT_CLASS = YES_ERROR;
				CLANG_WARN_UNREACHABLE_CODE = YES;
				CLANG_WARN__DUPLICATE_METHOD_MATCH = YES;
				"CODE_SIGN_IDENTITY[sdk=iphoneos*]" = "iPhone Developer";
				COPY_PHASE_STRIP = NO;
				DEBUG_INFORMATION_FORMAT = "dwarf-with-dsym";
				ENABLE_NS_ASSERTIONS = NO;
				ENABLE_STRICT_OBJC_MSGSEND = YES;
				GCC_C_LANGUAGE_STANDARD = gnu99;
				GCC_NO_COMMON_BLOCKS = YES;
				GCC_WARN_64_TO_32_BIT_CONVERSION = YES;
				GCC_WARN_ABOUT_RETURN_TYPE = YES_ERROR;
				GCC_WARN_UNDECLARED_SELECTOR = YES;
				GCC_WARN_UNINITIALIZED_AUTOS = YES_AGGRESSIVE;
				GCC_WARN_UNUSED_FUNCTION = YES;
				GCC_WARN_UNUSED_VARIABLE = YES;
				IPHONEOS_DEPLOYMENT_TARGET = 9.2;
				MTL_ENABLE_DEBUG_INFO = NO;
				SDKROOT = iphoneos;
				VALIDATE_PRODUCT = YES;
			};
			name = Release;
		};
		CB6CCC761C50318C001C4065 /* Debug */ = {
			isa = XCBuildConfiguration;
			buildSettings = {
				ASSETCATALOG_COMPILER_APPICON_NAME = AppIcon;
				INFOPLIST_FILE = TipCalculator/Info.plist;
				LD_RUNPATH_SEARCH_PATHS = "$(inherited) @executable_path/Frameworks";
				PRODUCT_BUNDLE_IDENTIFIER = Rach.TipCalculator;
				PRODUCT_NAME = "$(TARGET_NAME)";
			};
			name = Debug;
		};
		CB6CCC771C50318C001C4065 /* Release */ = {
			isa = XCBuildConfiguration;
			buildSettings = {
				ASSETCATALOG_COMPILER_APPICON_NAME = AppIcon;
				INFOPLIST_FILE = TipCalculator/Info.plist;
				LD_RUNPATH_SEARCH_PATHS = "$(inherited) @executable_path/Frameworks";
				PRODUCT_BUNDLE_IDENTIFIER = Rach.TipCalculator;
				PRODUCT_NAME = "$(TARGET_NAME)";
			};
			name = Release;
		};
/* End XCBuildConfiguration section */

/* Begin XCConfigurationList section */
		CB6CCC5B1C50318B001C4065 /* Build configuration list for PBXProject "TipCalculator" */ = {
			isa = XCConfigurationList;
			buildConfigurations = (
				CB6CCC731C50318C001C4065 /* Debug */,
				CB6CCC741C50318C001C4065 /* Release */,
			);
			defaultConfigurationIsVisible = 0;
			defaultConfigurationName = Release;
		};
		CB6CCC751C50318C001C4065 /* Build configuration list for PBXNativeTarget "TipCalculator" */ = {
			isa = XCConfigurationList;
			buildConfigurations = (
				CB6CCC761C50318C001C4065 /* Debug */,
				CB6CCC771C50318C001C4065 /* Release */,
			);
			defaultConfigurationIsVisible = 0;
		};
/* End XCConfigurationList section */

/* Begin XCVersionGroup section */
		CB6CCC6A1C50318B001C4065 /* TipCalculator.xcdatamodeld */ = {
			isa = XCVersionGroup;
			children = (
				CB6CCC6B1C50318B001C4065 /* TipCalculator.xcdatamodel */,
			);
			currentVersion = CB6CCC6B1C50318B001C4065 /* TipCalculator.xcdatamodel */;
			path = TipCalculator.xcdatamodeld;
			sourceTree = "<group>";
			versionGroupType = wrapper.xcdatamodel;
		};
/* End XCVersionGroup section */
	};
	rootObject = CB6CCC581C50318B001C4065 /* Project object */;
}
